{
  "name": "test",
  "version": "1.0.0",
  "lockfileVersion": 1,
  "requires": true,
  "dependencies": {
    "@orange-games/phaser-spine": {
      "version": "3.0.9",
      "resolved": "https://registry.npmjs.org/@orange-games/phaser-spine/-/phaser-spine-3.0.9.tgz",
      "integrity": "sha1-GV1ZLrV+nPErX7Q17B4FSGSMtWg="
    }
  }
}
